
Microsoft Visual Studio Solution File, Format Version 12.00
# Visual Studio Version 17
VisualStudioVersion = 17.1.32328.378
MinimumVisualStudioVersion = 10.0.40219.1
Project("{FAE04EC0-301F-11D3-BF4B-00C04F79EFBC}") = "LBS_UI", "LBS_UI.csproj", "{F6F8A10C-C6E3-4229-99B8-66957BF86549}"
EndProject
Global
	GlobalSection(SolutionConfigurationPlatforms) = preSolution
		Debug|Any CPU = Debug|Any CPU
		Release|Any CPU = Release|Any CPU
	EndGlobalSection
	GlobalSection(ProjectConfigurationPlatforms) = postSolution
		{F6F8A10C-C6E3-4229-99B8-66957BF86549}.Debug|Any CPU.ActiveCfg = Debug|Any CPU
		{F6F8A10C-C6E3-4229-99B8-66957BF86549}.Debug|Any CPU.Build.0 = Debug|Any CPU
		{F6F8A10C-C6E3-4229-99B8-66957BF86549}.Release|Any CPU.ActiveCfg = Release|Any CPU
		{F6F8A10C-C6E3-4229-99B8-66957BF86549}.Release|Any CPU.Build.0 = Release|Any CPU
	EndGlobalSection
	GlobalSection(SolutionProperties) = preSolution
		HideSolutionNode = FALSE
	EndGlobalSection
	GlobalSection(ExtensibilityGlobals) = postSolution
		SolutionGuid = {C625DA71-CE63-4FDB-B5FC-2686BE246984}
	EndGlobalSection
EndGlobal
